
Microsoft Visual Studio Solution File, Format Version 12.00
# Visual Studio Version 16
VisualStudioVersion = 16.0.29123.88
MinimumVisualStudioVersion = 10.0.40219.1
Project("{FAE04EC0-301F-11D3-BF4B-00C04F79EFBC}") = "Sweep_Stakes", "Sweepstakes\Sweep_Stakes.csproj", "{B071B49E-7F25-4AD1-A0CE-2A273241D183}"
EndProject
Project("{FAE04EC0-301F-11D3-BF4B-00C04F79EFBC}") = "Sweep_Stakes_Tests", "Sweep_Stakes_Tests\Sweep_Stakes_Tests.csproj", "{5CC5B9CE-3623-4F63-9D2C-6D87748FB1FF}"
EndProject
Global
	GlobalSection(SolutionConfigurationPlatforms) = preSolution
		Debug|Any CPU = Debug|Any CPU
		Release|Any CPU = Release|Any CPU
	EndGlobalSection
	GlobalSection(ProjectConfigurationPlatforms) = postSolution
		{B071B49E-7F25-4AD1-A0CE-2A273241D183}.Debug|Any CPU.ActiveCfg = Debug|Any CPU
		{B071B49E-7F25-4AD1-A0CE-2A273241D183}.Debug|Any CPU.Build.0 = Debug|Any CPU
		{B071B49E-7F25-4AD1-A0CE-2A273241D183}.Release|Any CPU.ActiveCfg = Release|Any CPU
		{B071B49E-7F25-4AD1-A0CE-2A273241D183}.Release|Any CPU.Build.0 = Release|Any CPU
		{5CC5B9CE-3623-4F63-9D2C-6D87748FB1FF}.Debug|Any CPU.ActiveCfg = Debug|Any CPU
		{5CC5B9CE-3623-4F63-9D2C-6D87748FB1FF}.Debug|Any CPU.Build.0 = Debug|Any CPU
		{5CC5B9CE-3623-4F63-9D2C-6D87748FB1FF}.Release|Any CPU.ActiveCfg = Release|Any CPU
		{5CC5B9CE-3623-4F63-9D2C-6D87748FB1FF}.Release|Any CPU.Build.0 = Release|Any CPU
	EndGlobalSection
	GlobalSection(SolutionProperties) = preSolution
		HideSolutionNode = FALSE
	EndGlobalSection
	GlobalSection(ExtensibilityGlobals) = postSolution
		SolutionGuid = {2947FA2F-E3A4-4F16-AD2B-0B7373666F85}
	EndGlobalSection
EndGlobal
